
Microsoft Visual Studio Solution File, Format Version 12.00
# Visual Studio 15
VisualStudioVersion = 15.0.28307.572
MinimumVisualStudioVersion = 10.0.40219.1
Project("{8BC9CEB8-8B4A-11D0-8D11-00A0C91BC942}") = "LuaCjson", "LuaCjson\LuaCjson.vcxproj", "{354424BE-10E4-4C9C-9F49-56972447176C}"
EndProject
Global
	GlobalSection(SolutionConfigurationPlatforms) = preSolution
		Debug|x64 = Debug|x64
		Debug|x86 = Debug|x86
		Release|x64 = Release|x64
		Release|x86 = Release|x86
	EndGlobalSection
	GlobalSection(ProjectConfigurationPlatforms) = postSolution
		{354424BE-10E4-4C9C-9F49-56972447176C}.Debug|x64.ActiveCfg = Debug|x64
		{354424BE-10E4-4C9C-9F49-56972447176C}.Debug|x64.Build.0 = Debug|x64
		{354424BE-10E4-4C9C-9F49-56972447176C}.Debug|x86.ActiveCfg = Debug|Win32
		{354424BE-10E4-4C9C-9F49-56972447176C}.Debug|x86.Build.0 = Debug|Win32
		{354424BE-10E4-4C9C-9F49-56972447176C}.Release|x64.ActiveCfg = Release|x64
		{354424BE-10E4-4C9C-9F49-56972447176C}.Release|x64.Build.0 = Release|x64
		{354424BE-10E4-4C9C-9F49-56972447176C}.Release|x86.ActiveCfg = Release|Win32
		{354424BE-10E4-4C9C-9F49-56972447176C}.Release|x86.Build.0 = Release|Win32
	EndGlobalSection
	GlobalSection(SolutionProperties) = preSolution
		HideSolutionNode = FALSE
	EndGlobalSection
	GlobalSection(ExtensibilityGlobals) = postSolution
		SolutionGuid = {A46BA07B-6B6D-4435-AAC0-D35623860A15}
	EndGlobalSection
EndGlobal
